
Microsoft Visual Studio Solution File, Format Version 12.00
# Visual Studio Version 17
VisualStudioVersion = 17.12.35209.166
MinimumVisualStudioVersion = 10.0.40219.1
Project("{FAE04EC0-301F-11D3-BF4B-00C04F79EFBC}") = "retail", "retail\retail.csproj", "{C21E9B08-C347-4C44-B321-8FBCA166C7E4}"
EndProject
Global
	GlobalSection(SolutionConfigurationPlatforms) = preSolution
		Debug|Any CPU = Debug|Any CPU
		Release|Any CPU = Release|Any CPU
	EndGlobalSection
	GlobalSection(ProjectConfigurationPlatforms) = postSolution
		{C21E9B08-C347-4C44-B321-8FBCA166C7E4}.Debug|Any CPU.ActiveCfg = Debug|Any CPU
		{C21E9B08-C347-4C44-B321-8FBCA166C7E4}.Debug|Any CPU.Build.0 = Debug|Any CPU
		{C21E9B08-C347-4C44-B321-8FBCA166C7E4}.Release|Any CPU.ActiveCfg = Release|Any CPU
		{C21E9B08-C347-4C44-B321-8FBCA166C7E4}.Release|Any CPU.Build.0 = Release|Any CPU
	EndGlobalSection
	GlobalSection(SolutionProperties) = preSolution
		HideSolutionNode = FALSE
	EndGlobalSection
	GlobalSection(ExtensibilityGlobals) = postSolution
		SolutionGuid = {B4B61BEF-2E79-4FC0-8951-9FFDE8695565}
	EndGlobalSection
EndGlobal
